
Microsoft Visual Studio Solution File, Format Version 12.00
# Visual Studio Version 17
VisualStudioVersion = 17.8.34601.278
MinimumVisualStudioVersion = 10.0.40219.1
Project("{9A19103F-16F7-4668-BE54-9A1E7A4F7556}") = "DrWhoConsoleApp", "App\DrWhoConsoleApp.csproj", "{AB5AACB9-C6BB-4A38-8E04-8ADF903E54EA}"
EndProject
Project("{9A19103F-16F7-4668-BE54-9A1E7A4F7556}") = "UnitTests", "UnitTests\UnitTests.csproj", "{47FBD373-30CA-4564-9018-3DC8C10C3FC0}"
EndProject
Global
	GlobalSection(SolutionConfigurationPlatforms) = preSolution
		Debug|Any CPU = Debug|Any CPU
		Release|Any CPU = Release|Any CPU
	EndGlobalSection
	GlobalSection(ProjectConfigurationPlatforms) = postSolution
		{AB5AACB9-C6BB-4A38-8E04-8ADF903E54EA}.Debug|Any CPU.ActiveCfg = Debug|Any CPU
		{AB5AACB9-C6BB-4A38-8E04-8ADF903E54EA}.Debug|Any CPU.Build.0 = Debug|Any CPU
		{AB5AACB9-C6BB-4A38-8E04-8ADF903E54EA}.Release|Any CPU.ActiveCfg = Release|Any CPU
		{AB5AACB9-C6BB-4A38-8E04-8ADF903E54EA}.Release|Any CPU.Build.0 = Release|Any CPU
		{47FBD373-30CA-4564-9018-3DC8C10C3FC0}.Debug|Any CPU.ActiveCfg = Debug|Any CPU
		{47FBD373-30CA-4564-9018-3DC8C10C3FC0}.Debug|Any CPU.Build.0 = Debug|Any CPU
		{47FBD373-30CA-4564-9018-3DC8C10C3FC0}.Release|Any CPU.ActiveCfg = Release|Any CPU
		{47FBD373-30CA-4564-9018-3DC8C10C3FC0}.Release|Any CPU.Build.0 = Release|Any CPU
	EndGlobalSection
	GlobalSection(SolutionProperties) = preSolution
		HideSolutionNode = FALSE
	EndGlobalSection
	GlobalSection(ExtensibilityGlobals) = postSolution
		SolutionGuid = {AB5BB4D9-7835-4BCF-878C-59BD7B5210A2}
	EndGlobalSection
EndGlobal
